// !$*UTF8*$!
{
	archiveVersion = 1;
	classes = {
	};
	objectVersion = 46;
	objects = {

/* Begin PBXBuildFile section */
		9B1DA1B71F4870AA00DB0393 /* AppDelegate.swift in Sources */ = {isa = PBXBuildFile; fileRef = 9B1DA1B61F4870AA00DB0393 /* AppDelegate.swift */; };
		9B1DA1B91F4870AA00DB0393 /* ViewController.swift in Sources */ = {isa = PBXBuildFile; fileRef = 9B1DA1B81F4870AA00DB0393 /* ViewController.swift */; };
		9B1DA1BC1F4870AA00DB0393 /* Main.storyboard in Resources */ = {isa = PBXBuildFile; fileRef = 9B1DA1BA1F4870AA00DB0393 /* Main.storyboard */; };
		9B1DA1BE1F4870AA00DB0393 /* Assets.xcassets in Resources */ = {isa = PBXBuildFile; fileRef = 9B1DA1BD1F4870AA00DB0393 /* Assets.xcassets */; };
		9B1DA1C11F4870AA00DB0393 /* LaunchScreen.storyboard in Resources */ = {isa = PBXBuildFile; fileRef = 9B1DA1BF1F4870AA00DB0393 /* LaunchScreen.storyboard */; };
		9B1DA1CC1F4870AA00DB0393 /* PatternTemplateMethodTests.swift in Sources */ = {isa = PBXBuildFile; fileRef = 9B1DA1CB1F4870AA00DB0393 /* PatternTemplateMethodTests.swift */; };
		9B1DA1D71F4870AB00DB0393 /* PatternTemplateMethodUITests.swift in Sources */ = {isa = PBXBuildFile; fileRef = 9B1DA1D61F4870AB00DB0393 /* PatternTemplateMethodUITests.swift */; };
/* End PBXBuildFile section */

/* Begin PBXContainerItemProxy section */
		9B1DA1C81F4870AA00DB0393 /* PBXContainerItemProxy */ = {
			isa = PBXContainerItemProxy;
			containerPortal = 9B1DA1AB1F4870AA00DB0393 /* Project object */;
			proxyType = 1;
			remoteGlobalIDString = 9B1DA1B21F4870AA00DB0393;
			remoteInfo = PatternTemplateMethod;
		};
		9B1DA1D31F4870AB00DB0393 /* PBXContainerItemProxy */ = {
			isa = PBXContainerItemProxy;
			containerPortal = 9B1DA1AB1F4870AA00DB0393 /* Project object */;
			proxyType = 1;
			remoteGlobalIDString = 9B1DA1B21F4870AA00DB0393;
			remoteInfo = PatternTemplateMethod;
		};
/* End PBXContainerItemProxy section */

/* Begin PBXFileReference section */
		9B1DA1B31F4870AA00DB0393 /* PatternTemplateMethod.app */ = {isa = PBXFileReference; explicitFileType = wrapper.application; includeInIndex = 0; path = PatternTemplateMethod.app; sourceTree = BUILT_PRODUCTS_DIR; };
		9B1DA1B61F4870AA00DB0393 /* AppDelegate.swift */ = {isa = PBXFileReference; lastKnownFileType = sourcecode.swift; path = AppDelegate.swift; sourceTree = "<group>"; };
		9B1DA1B81F4870AA00DB0393 /* ViewController.swift */ = {isa = PBXFileReference; lastKnownFileType = sourcecode.swift; path = ViewController.swift; sourceTree = "<group>"; };
		9B1DA1BB1F4870AA00DB0393 /* Base */ = {isa = PBXFileReference; lastKnownFileType = file.storyboard; name = Base; path = Base.lproj/Main.storyboard; sourceTree = "<group>"; };
		9B1DA1BD1F4870AA00DB0393 /* Assets.xcassets */ = {isa = PBXFileReference; lastKnownFileType = folder.assetcatalog; path = Assets.xcassets; sourceTree = "<group>"; };
		9B1DA1C01F4870AA00DB0393 /* Base */ = {isa = PBXFileReference; lastKnownFileType = file.storyboard; name = Base; path = Base.lproj/LaunchScreen.storyboard; sourceTree = "<group>"; };
		9B1DA1C21F4870AA00DB0393 /* Info.plist */ = {isa = PBXFileReference; lastKnownFileType = text.plist.xml; path = Info.plist; sourceTree = "<group>"; };
		9B1DA1C71F4870AA00DB0393 /* PatternTemplateMethodTests.xctest */ = {isa = PBXFileReference; explicitFileType = wrapper.cfbundle; includeInIndex = 0; path = PatternTemplateMethodTests.xctest; sourceTree = BUILT_PRODUCTS_DIR; };
		9B1DA1CB1F4870AA00DB0393 /* PatternTemplateMethodTests.swift */ = {isa = PBXFileReference; lastKnownFileType = sourcecode.swift; path = PatternTemplateMethodTests.swift; sourceTree = "<group>"; };
		9B1DA1CD1F4870AA00DB0393 /* Info.plist */ = {isa = PBXFileReference; lastKnownFileType = text.plist.xml; path = Info.plist; sourceTree = "<group>"; };
		9B1DA1D21F4870AB00DB0393 /* PatternTemplateMethodUITests.xctest */ = {isa = PBXFileReference; explicitFileType = wrapper.cfbundle; includeInIndex = 0; path = PatternTemplateMethodUITests.xctest; sourceTree = BUILT_PRODUCTS_DIR; };
		9B1DA1D61F4870AB00DB0393 /* PatternTemplateMethodUITests.swift */ = {isa = PBXFileReference; lastKnownFileType = sourcecode.swift; path = PatternTemplateMethodUITests.swift; sourceTree = "<group>"; };
		9B1DA1D81F4870AB00DB0393 /* Info.plist */ = {isa = PBXFileReference; lastKnownFileType = text.plist.xml; path = Info.plist; sourceTree = "<group>"; };
/* End PBXFileReference section */

/* Begin PBXFrameworksBuildPhase section */
		9B1DA1B01F4870AA00DB0393 /* Frameworks */ = {
			isa = PBXFrameworksBuildPhase;
			buildActionMask = 2147483647;
			files = (
			);
			runOnlyForDeploymentPostprocessing = 0;
		};
		9B1DA1C41F4870AA00DB0393 /* Frameworks */ = {
			isa = PBXFrameworksBuildPhase;
			buildActionMask = 2147483647;
			files = (
			);
			runOnlyForDeploymentPostprocessing = 0;
		};
		9B1DA1CF1F4870AB00DB0393 /* Frameworks */ = {
			isa = PBXFrameworksBuildPhase;
			buildActionMask = 2147483647;
			files = (
			);
			runOnlyForDeploymentPostprocessing = 0;
		};
/* End PBXFrameworksBuildPhase section */

/* Begin PBXGroup section */
		9B1DA1AA1F4870AA00DB0393 = {
			isa = PBXGroup;
			children = (
				9B1DA1B51F4870AA00DB0393 /* PatternTemplateMethod */,
				9B1DA1CA1F4870AA00DB0393 /* PatternTemplateMethodTests */,
				9B1DA1D51F4870AB00DB0393 /* PatternTemplateMethodUITests */,
				9B1DA1B41F4870AA00DB0393 /* Products */,
			);
			sourceTree = "<group>";
		};
		9B1DA1B41F4870AA00DB0393 /* Products */ = {
			isa = PBXGroup;
			children = (
				9B1DA1B31F4870AA00DB0393 /* PatternTemplateMethod.app */,
				9B1DA1C71F4870AA00DB0393 /* PatternTemplateMethodTests.xctest */,
				9B1DA1D21F4870AB00DB0393 /* PatternTemplateMethodUITests.xctest */,
			);
			name = Products;
			sourceTree = "<group>";
		};
		9B1DA1B51F4870AA00DB0393 /* PatternTemplateMethod */ = {
			isa = PBXGroup;
			children = (
				9B1DA1B61F4870AA00DB0393 /* AppDelegate.swift */,
				9B1DA1B81F4870AA00DB0393 /* ViewController.swift */,
				9B1DA1BA1F4870AA00DB0393 /* Main.storyboard */,
				9B1DA1BD1F4870AA00DB0393 /* Assets.xcassets */,
				9B1DA1BF1F4870AA00DB0393 /* LaunchScreen.storyboard */,
				9B1DA1C21F4870AA00DB0393 /* Info.plist */,
			);
			path = PatternTemplateMethod;
			sourceTree = "<group>";
		};
		9B1DA1CA1F4870AA00DB0393 /* PatternTemplateMethodTests */ = {
			isa = PBXGroup;
			children = (
				9B1DA1CB1F4870AA00DB0393 /* PatternTemplateMethodTests.swift */,
				9B1DA1CD1F4870AA00DB0393 /* Info.plist */,
			);
			path = PatternTemplateMethodTests;
			sourceTree = "<group>";
		};
		9B1DA1D51F4870AB00DB0393 /* PatternTemplateMethodUITests */ = {
			isa = PBXGroup;
			children = (
				9B1DA1D61F4870AB00DB0393 /* PatternTemplateMethodUITests.swift */,
				9B1DA1D81F4870AB00DB0393 /* Info.plist */,
			);
			path = PatternTemplateMethodUITests;
			sourceTree = "<group>";
		};
/* End PBXGroup section */

/* Begin PBXNativeTarget section */
		9B1DA1B21F4870AA00DB0393 /* PatternTemplateMethod */ = {
			isa = PBXNativeTarget;
			buildConfigurationList = 9B1DA1DB1F4870AB00DB0393 /* Build configuration list for PBXNativeTarget "PatternTemplateMethod" */;
			buildPhases = (
				9B1DA1AF1F4870AA00DB0393 /* Sources */,
				9B1DA1B01F4870AA00DB0393 /* Frameworks */,
				9B1DA1B11F4870AA00DB0393 /* Resources */,
			);
			buildRules = (
			);
			dependencies = (
			);
			name = PatternTemplateMethod;
			productName = PatternTemplateMethod;
			productReference = 9B1DA1B31F4870AA00DB0393 /* PatternTemplateMethod.app */;
			productType = "com.apple.product-type.application";
		};
		9B1DA1C61F4870AA00DB0393 /* PatternTemplateMethodTests */ = {
			isa = PBXNativeTarget;
			buildConfigurationList = 9B1DA1DE1F4870AB00DB0393 /* Build configuration list for PBXNativeTarget "PatternTemplateMethodTests" */;
			buildPhases = (
				9B1DA1C31F4870AA00DB0393 /* Sources */,
				9B1DA1C41F4870AA00DB0393 /* Frameworks */,
				9B1DA1C51F4870AA00DB0393 /* Resources */,
			);
			buildRules = (
			);
			dependencies = (
				9B1DA1C91F4870AA00DB0393 /* PBXTargetDependency */,
			);
			name = PatternTemplateMethodTests;
			productName = PatternTemplateMethodTests;
			productReference = 9B1DA1C71F4870AA00DB0393 /* PatternTemplateMethodTests.xctest */;
			productType = "com.apple.product-type.bundle.unit-test";
		};
		9B1DA1D11F4870AB00DB0393 /* PatternTemplateMethodUITests */ = {
			isa = PBXNativeTarget;
			buildConfigurationList = 9B1DA1E11F4870AB00DB0393 /* Build configuration list for PBXNativeTarget "PatternTemplateMethodUITests" */;
			buildPhases = (
				9B1DA1CE1F4870AB00DB0393 /* Sources */,
				9B1DA1CF1F4870AB00DB0393 /* Frameworks */,
				9B1DA1D01F4870AB00DB0393 /* Resources */,
			);
			buildRules = (
			);
			dependencies = (
				9B1DA1D41F4870AB00DB0393 /* PBXTargetDependency */,
			);
			name = PatternTemplateMethodUITests;
			productName = PatternTemplateMethodUITests;
			productReference = 9B1DA1D21F4870AB00DB0393 /* PatternTemplateMethodUITests.xctest */;
			productType = "com.apple.product-type.bundle.ui-testing";
		};
/* End PBXNativeTarget section */

/* Begin PBXProject section */
		9B1DA1AB1F4870AA00DB0393 /* Project object */ = {
			isa = PBXProject;
			attributes = {
				LastSwiftUpdateCheck = 0830;
				LastUpgradeCheck = 0830;
				ORGANIZATIONNAME = LEE;
				TargetAttributes = {
					9B1DA1B21F4870AA00DB0393 = {
						CreatedOnToolsVersion = 8.3.2;
						DevelopmentTeam = 2HLNWTACRJ;
						ProvisioningStyle = Automatic;
					};
					9B1DA1C61F4870AA00DB0393 = {
						CreatedOnToolsVersion = 8.3.2;
						DevelopmentTeam = 2HLNWTACRJ;
						ProvisioningStyle = Automatic;
						TestTargetID = 9B1DA1B21F4870AA00DB0393;
					};
					9B1DA1D11F4870AB00DB0393 = {
						CreatedOnToolsVersion = 8.3.2;
						DevelopmentTeam = 2HLNWTACRJ;
						ProvisioningStyle = Automatic;
						TestTargetID = 9B1DA1B21F4870AA00DB0393;
					};
				};
			};
			buildConfigurationList = 9B1DA1AE1F4870AA00DB0393 /* Build configuration list for PBXProject "PatternTemplateMethod" */;
			compatibilityVersion = "Xcode 3.2";
			developmentRegion = English;
			hasScannedForEncodings = 0;
			knownRegions = (
				en,
				Base,
			);
			mainGroup = 9B1DA1AA1F4870AA00DB0393;
			productRefGroup = 9B1DA1B41F4870AA00DB0393 /* Products */;
			projectDirPath = "";
			projectRoot = "";
			targets = (
				9B1DA1B21F4870AA00DB0393 /* PatternTemplateMethod */,
				9B1DA1C61F4870AA00DB0393 /* PatternTemplateMethodTests */,
				9B1DA1D11F4870AB00DB0393 /* PatternTemplateMethodUITests */,
			);
		};
/* End PBXProject section */

/* Begin PBXResourcesBuildPhase section */
		9B1DA1B11F4870AA00DB0393 /* Resources */ = {
			isa = PBXResourcesBuildPhase;
			buildActionMask = 2147483647;
			files = (
				9B1DA1C11F4870AA00DB0393 /* LaunchScreen.storyboard in Resources */,
				9B1DA1BE1F4870AA00DB0393 /* Assets.xcassets in Resources */,
				9B1DA1BC1F4870AA00DB0393 /* Main.storyboard in Resources */,
			);
			runOnlyForDeploymentPostprocessing = 0;
		};
		9B1DA1C51F4870AA00DB0393 /* Resources */ = {
			isa = PBXResourcesBuildPhase;
			buildActionMask = 2147483647;
			files = (
			);
			runOnlyForDeploymentPostprocessing = 0;
		};
		9B1DA1D01F4870AB00DB0393 /* Resources */ = {
			isa = PBXResourcesBuildPhase;
			buildActionMask = 2147483647;
			files = (
			);
			runOnlyForDeploymentPostprocessing = 0;
		};
/* End PBXResourcesBuildPhase section */

/* Begin PBXSourcesBuildPhase section */
		9B1DA1AF1F4870AA00DB0393 /* Sources */ = {
			isa = PBXSourcesBuildPhase;
			buildActionMask = 2147483647;
			files = (
				9B1DA1B91F4870AA00DB0393 /* ViewController.swift in Sources */,
				9B1DA1B71F4870AA00DB0393 /* AppDelegate.swift in Sources */,
			);
			runOnlyForDeploymentPostprocessing = 0;
		};
		9B1DA1C31F4870AA00DB0393 /* Sources */ = {
			isa = PBXSourcesBuildPhase;
			buildActionMask = 2147483647;
			files = (
				9B1DA1CC1F4870AA00DB0393 /* PatternTemplateMethodTests.swift in Sources */,
			);
			runOnlyForDeploymentPostprocessing = 0;
		};
		9B1DA1CE1F4870AB00DB0393 /* Sources */ = {
			isa = PBXSourcesBuildPhase;
			buildActionMask = 2147483647;
			files = (
				9B1DA1D71F4870AB00DB0393 /* PatternTemplateMethodUITests.swift in Sources */,
			);
			runOnlyForDeploymentPostprocessing = 0;
		};
/* End PBXSourcesBuildPhase section */

/* Begin PBXTargetDependency section */
		9B1DA1C91F4870AA00DB0393 /* PBXTargetDependency */ = {
			isa = PBXTargetDependency;
			target = 9B1DA1B21F4870AA00DB0393 /* PatternTemplateMethod */;
			targetProxy = 9B1DA1C81F4870AA00DB0393 /* PBXContainerItemProxy */;
		};
		9B1DA1D41F4870AB00DB0393 /* PBXTargetDependency */ = {
			isa = PBXTargetDependency;
			target = 9B1DA1B21F4870AA00DB0393 /* PatternTemplateMethod */;
			targetProxy = 9B1DA1D31F4870AB00DB0393 /* PBXContainerItemProxy */;
		};
/* End PBXTargetDependency section */

/* Begin PBXVariantGroup section */
		9B1DA1BA1F4870AA00DB0393 /* Main.storyboard */ = {
			isa = PBXVariantGroup;
			children = (
				9B1DA1BB1F4870AA00DB0393 /* Base */,
			);
			name = Main.storyboard;
			sourceTree = "<group>";
		};
		9B1DA1BF1F4870AA00DB0393 /* LaunchScreen.storyboard */ = {
			isa = PBXVariantGroup;
			children = (
				9B1DA1C01F4870AA00DB0393 /* Base */,
			);
			name = LaunchScreen.storyboard;
			sourceTree = "<group>";
		};
/* End PBXVariantGroup section */

/* Begin XCBuildConfiguration section */
		9B1DA1D91F4870AB00DB0393 /* Debug */ = {
			isa = XCBuildConfiguration;
			buildSettings = {
				ALWAYS_SEARCH_USER_PATHS = NO;
				CLANG_ANALYZER_NONNULL = YES;
				CLANG_ANALYZER_NUMBER_OBJECT_CONVERSION = YES_AGGRESSIVE;
				CLANG_CXX_LANGUAGE_STANDARD = "gnu++0x";
				CLANG_CXX_LIBRARY = "libc++";
				CLANG_ENABLE_MODULES = YES;
				CLANG_ENABLE_OBJC_ARC = YES;
				CLANG_WARN_BOOL_CONVERSION = YES;
				CLANG_WARN_CONSTANT_CONVERSION = YES;
				CLANG_WARN_DIRECT_OBJC_ISA_USAGE = YES_ERROR;
				CLANG_WARN_DOCUMENTATION_COMMENTS = YES;
				CLANG_WARN_EMPTY_BODY = YES;
				CLANG_WARN_ENUM_CONVERSION = YES;
				CLANG_WARN_INFINITE_RECURSION = YES;
				CLANG_WARN_INT_CONVERSION = YES;
				CLANG_WARN_OBJC_ROOT_CLASS = YES_ERROR;
				CLANG_WARN_SUSPICIOUS_MOVE = YES;
				CLANG_WARN_UNREACHABLE_CODE = YES;
				CLANG_WARN__DUPLICATE_METHOD_MATCH = YES;
				"CODE_SIGN_IDENTITY[sdk=iphoneos*]" = "iPhone Developer";
				COPY_PHASE_STRIP = NO;
				DEBUG_INFORMATION_FORMAT = dwarf;
				ENABLE_STRICT_OBJC_MSGSEND = YES;
				ENABLE_TESTABILITY = YES;
				GCC_C_LANGUAGE_STANDARD = gnu99;
				GCC_DYNAMIC_NO_PIC = NO;
				GCC_NO_COMMON_BLOCKS = YES;
				GCC_OPTIMIZATION_LEVEL = 0;
				GCC_PREPROCESSOR_DEFINITIONS = (
					"DEBUG=1",
					"$(inherited)",
				);
				GCC_WARN_64_TO_32_BIT_CONVERSION = YES;
				GCC_WARN_ABOUT_RETURN_TYPE = YES_ERROR;
				GCC_WARN_UNDECLARED_SELECTOR = YES;
				GCC_WARN_UNINITIALIZED_AUTOS = YES_AGGRESSIVE;
				GCC_WARN_UNUSED_FUNCTION = YES;
				GCC_WARN_UNUSED_VARIABLE = YES;
				IPHONEOS_DEPLOYMENT_TARGET = 10.3;
				MTL_ENABLE_DEBUG_INFO = YES;
				ONLY_ACTIVE_ARCH = YES;
				SDKROOT = iphoneos;
				SWIFT_ACTIVE_COMPILATION_CONDITIONS = DEBUG;
				SWIFT_OPTIMIZATION_LEVEL = "-Onone";
				TARGETED_DEVICE_FAMILY = "1,2";
			};
			name = Debug;
		};
		9B1DA1DA1F4870AB00DB0393 /* Release */ = {
			isa = XCBuildConfiguration;
			buildSettings = {
				ALWAYS_SEARCH_USER_PATHS = NO;
				CLANG_ANALYZER_NONNULL = YES;
				CLANG_ANALYZER_NUMBER_OBJECT_CONVERSION = YES_AGGRESSIVE;
				CLANG_CXX_LANGUAGE_STANDARD = "gnu++0x";
				CLANG_CXX_LIBRARY = "libc++";
				CLANG_ENABLE_MODULES = YES;
				CLANG_ENABLE_OBJC_ARC = YES;
				CLANG_WARN_BOOL_CONVERSION = YES;
				CLANG_WARN_CONSTANT_CONVERSION = YES;
				CLANG_WARN_DIRECT_OBJC_ISA_USAGE = YES_ERROR;
				CLANG_WARN_DOCUMENTATION_COMMENTS = YES;
				CLANG_WARN_EMPTY_BODY = YES;
				CLANG_WARN_ENUM_CONVERSION = YES;
				CLANG_WARN_INFINITE_RECURSION = YES;
				CLANG_WARN_INT_CONVERSION = YES;
				CLANG_WARN_OBJC_ROOT_CLASS = YES_ERROR;
				CLANG_WARN_SUSPICIOUS_MOVE = YES;
				CLANG_WARN_UNREACHABLE_CODE = YES;
				CLANG_WARN__DUPLICATE_METHOD_MATCH = YES;
				"CODE_SIGN_IDENTITY[sdk=iphoneos*]" = "iPhone Developer";
				COPY_PHASE_STRIP = NO;
				DEBUG_INFORMATION_FORMAT = "dwarf-with-dsym";
				ENABLE_NS_ASSERTIONS = NO;
				ENABLE_STRICT_OBJC_MSGSEND = YES;
				GCC_C_LANGUAGE_STANDARD = gnu99;
				GCC_NO_COMMON_BLOCKS = YES;
				GCC_WARN_64_TO_32_BIT_CONVERSION = YES;
				GCC_WARN_ABOUT_RETURN_TYPE = YES_ERROR;
				GCC_WARN_UNDECLARED_SELECTOR = YES;
				GCC_WARN_UNINITIALIZED_AUTOS = YES_AGGRESSIVE;
				GCC_WARN_UNUSED_FUNCTION = YES;
				GCC_WARN_UNUSED_VARIABLE = YES;
				IPHONEOS_DEPLOYMENT_TARGET = 10.3;
				MTL_ENABLE_DEBUG_INFO = NO;
				SDKROOT = iphoneos;
				SWIFT_OPTIMIZATION_LEVEL = "-Owholemodule";
				TARGETED_DEVICE_FAMILY = "1,2";
				VALIDATE_PRODUCT = YES;
			};
			name = Release;
		};
		9B1DA1DC1F4870AB00DB0393 /* Debug */ = {
			isa = XCBuildConfiguration;
			buildSettings = {
				ASSETCATALOG_COMPILER_APPICON_NAME = AppIcon;
				DEVELOPMENT_TEAM = 2HLNWTACRJ;
				INFOPLIST_FILE = PatternTemplateMethod/Info.plist;
				LD_RUNPATH_SEARCH_PATHS = "$(inherited) @executable_path/Frameworks";
				PRODUCT_BUNDLE_IDENTIFIER = KI.PatternTemplateMethod;
				PRODUCT_NAME = "$(TARGET_NAME)";
				SWIFT_VERSION = 3.0;
			};
			name = Debug;
		};
		9B1DA1DD1F4870AB00DB0393 /* Release */ = {
			isa = XCBuildConfiguration;
			buildSettings = {
				ASSETCATALOG_COMPILER_APPICON_NAME = AppIcon;
				DEVELOPMENT_TEAM = 2HLNWTACRJ;
				INFOPLIST_FILE = PatternTemplateMethod/Info.plist;
				LD_RUNPATH_SEARCH_PATHS = "$(inherited) @executable_path/Frameworks";
				PRODUCT_BUNDLE_IDENTIFIER = KI.PatternTemplateMethod;
				PRODUCT_NAME = "$(TARGET_NAME)";
				SWIFT_VERSION = 3.0;
			};
			name = Release;
		};
		9B1DA1DF1F4870AB00DB0393 /* Debug */ = {
			isa = XCBuildConfiguration;
			buildSettings = {
				ALWAYS_EMBED_SWIFT_STANDARD_LIBRARIES = YES;
				BUNDLE_LOADER = "$(TEST_HOST)";
				DEVELOPMENT_TEAM = 2HLNWTACRJ;
				INFOPLIST_FILE = PatternTemplateMethodTests/Info.plist;
				LD_RUNPATH_SEARCH_PATHS = "$(inherited) @executable_path/Frameworks @loader_path/Frameworks";
				PRODUCT_BUNDLE_IDENTIFIER = KI.PatternTemplateMethodTests;
				PRODUCT_NAME = "$(TARGET_NAME)";
				SWIFT_VERSION = 3.0;
				TEST_HOST = "$(BUILT_PRODUCTS_DIR)/PatternTemplateMethod.app/PatternTemplateMethod";
			};
			name = Debug;
		};
		9B1DA1E01F4870AB00DB0393 /* Release */ = {
			isa = XCBuildConfiguration;
			buildSettings = {
				ALWAYS_EMBED_SWIFT_STANDARD_LIBRARIES = YES;
				BUNDLE_LOADER = "$(TEST_HOST)";
				DEVELOPMENT_TEAM = 2HLNWTACRJ;
				INFOPLIST_FILE = PatternTemplateMethodTests/Info.plist;
				LD_RUNPATH_SEARCH_PATHS = "$(inherited) @executable_path/Frameworks @loader_path/Frameworks";
				PRODUCT_BUNDLE_IDENTIFIER = KI.PatternTemplateMethodTests;
				PRODUCT_NAME = "$(TARGET_NAME)";
				SWIFT_VERSION = 3.0;
				TEST_HOST = "$(BUILT_PRODUCTS_DIR)/PatternTemplateMethod.app/PatternTemplateMethod";
			};
			name = Release;
		};
		9B1DA1E21F4870AB00DB0393 /* Debug */ = {
			isa = XCBuildConfiguration;
			buildSettings = {
				ALWAYS_EMBED_SWIFT_STANDARD_LIBRARIES = YES;
				DEVELOPMENT_TEAM = 2HLNWTACRJ;
				INFOPLIST_FILE = PatternTemplateMethodUITests/Info.plist;
				LD_RUNPATH_SEARCH_PATHS = "$(inherited) @executable_path/Frameworks @loader_path/Frameworks";
				PRODUCT_BUNDLE_IDENTIFIER = KI.PatternTemplateMethodUITests;
				PRODUCT_NAME = "$(TARGET_NAME)";
				SWIFT_VERSION = 3.0;
				TEST_TARGET_NAME = PatternTemplateMethod;
			};
			name = Debug;
		};
		9B1DA1E31F4870AB00DB0393 /* Release */ = {
			isa = XCBuildConfiguration;
			buildSettings = {
				ALWAYS_EMBED_SWIFT_STANDARD_LIBRARIES = YES;
				DEVELOPMENT_TEAM = 2HLNWTACRJ;
				INFOPLIST_FILE = PatternTemplateMethodUITests/Info.plist;
				LD_RUNPATH_SEARCH_PATHS = "$(inherited) @executable_path/Frameworks @loader_path/Frameworks";
				PRODUCT_BUNDLE_IDENTIFIER = KI.PatternTemplateMethodUITests;
				PRODUCT_NAME = "$(TARGET_NAME)";
				SWIFT_VERSION = 3.0;
				TEST_TARGET_NAME = PatternTemplateMethod;
			};
			name = Release;
		};
/* End XCBuildConfiguration section */

/* Begin XCConfigurationList section */
		9B1DA1AE1F4870AA00DB0393 /* Build configuration list for PBXProject "PatternTemplateMethod" */ = {
			isa = XCConfigurationList;
			buildConfigurations = (
				9B1DA1D91F4870AB00DB0393 /* Debug */,
				9B1DA1DA1F4870AB00DB0393 /* Release */,
			);
			defaultConfigurationIsVisible = 0;
			defaultConfigurationName = Release;
		};
		9B1DA1DB1F4870AB00DB0393 /* Build configuration list for PBXNativeTarget "PatternTemplateMethod" */ = {
			isa = XCConfigurationList;
			buildConfigurations = (
				9B1DA1DC1F4870AB00DB0393 /* Debug */,
				9B1DA1DD1F4870AB00DB0393 /* Release */,
			);
			defaultConfigurationIsVisible = 0;
		};
		9B1DA1DE1F4870AB00DB0393 /* Build configuration list for PBXNativeTarget "PatternTemplateMethodTests" */ = {
			isa = XCConfigurationList;
			buildConfigurations = (
				9B1DA1DF1F4870AB00DB0393 /* Debug */,
				9B1DA1E01F4870AB00DB0393 /* Release */,
			);
			defaultConfigurationIsVisible = 0;
		};
		9B1DA1E11F4870AB00DB0393 /* Build configuration list for PBXNativeTarget "PatternTemplateMethodUITests" */ = {
			isa = XCConfigurationList;
			buildConfigurations = (
				9B1DA1E21F4870AB00DB0393 /* Debug */,
				9B1DA1E31F4870AB00DB0393 /* Release */,
			);
			defaultConfigurationIsVisible = 0;
		};
/* End XCConfigurationList section */
	};
	rootObject = 9B1DA1AB1F4870AA00DB0393 /* Project object */;
}
